
Microsoft Visual Studio Solution File, Format Version 12.00
# Visual Studio Version 17
VisualStudioVersion = 17.9.34616.47
MinimumVisualStudioVersion = 10.0.40219.1
Project("{FAE04EC0-301F-11D3-BF4B-00C04F79EFBC}") = "Fruitables", "Fruitables.csproj", "{526619B5-1599-484D-B0D6-FF15919F6494}"
EndProject
Global
	GlobalSection(SolutionConfigurationPlatforms) = preSolution
		Debug|Any CPU = Debug|Any CPU
		Release|Any CPU = Release|Any CPU
	EndGlobalSection
	GlobalSection(ProjectConfigurationPlatforms) = postSolution
		{526619B5-1599-484D-B0D6-FF15919F6494}.Debug|Any CPU.ActiveCfg = Debug|Any CPU
		{526619B5-1599-484D-B0D6-FF15919F6494}.Debug|Any CPU.Build.0 = Debug|Any CPU
		{526619B5-1599-484D-B0D6-FF15919F6494}.Release|Any CPU.ActiveCfg = Release|Any CPU
		{526619B5-1599-484D-B0D6-FF15919F6494}.Release|Any CPU.Build.0 = Release|Any CPU
	EndGlobalSection
	GlobalSection(SolutionProperties) = preSolution
		HideSolutionNode = FALSE
	EndGlobalSection
	GlobalSection(ExtensibilityGlobals) = postSolution
		SolutionGuid = {942876A4-1734-4E58-973B-ACFA4AF5AFBC}
	EndGlobalSection
EndGlobal
