
Microsoft Visual Studio Solution File, Format Version 12.00
# Visual Studio Version 17
VisualStudioVersion = 17.9.34616.47
MinimumVisualStudioVersion = 10.0.40219.1
Project("{FAE04EC0-301F-11D3-BF4B-00C04F79EFBC}") = "Fruitables", "Fruitables\Fruitables.csproj", "{78F4113B-D759-4D2E-BD37-FE5CD3E13D85}"
EndProject
Global
	GlobalSection(SolutionConfigurationPlatforms) = preSolution
		Debug|Any CPU = Debug|Any CPU
		Release|Any CPU = Release|Any CPU
	EndGlobalSection
	GlobalSection(ProjectConfigurationPlatforms) = postSolution
		{78F4113B-D759-4D2E-BD37-FE5CD3E13D85}.Debug|Any CPU.ActiveCfg = Debug|Any CPU
		{78F4113B-D759-4D2E-BD37-FE5CD3E13D85}.Debug|Any CPU.Build.0 = Debug|Any CPU
		{78F4113B-D759-4D2E-BD37-FE5CD3E13D85}.Release|Any CPU.ActiveCfg = Release|Any CPU
		{78F4113B-D759-4D2E-BD37-FE5CD3E13D85}.Release|Any CPU.Build.0 = Release|Any CPU
	EndGlobalSection
	GlobalSection(SolutionProperties) = preSolution
		HideSolutionNode = FALSE
	EndGlobalSection
	GlobalSection(ExtensibilityGlobals) = postSolution
		SolutionGuid = {D1EC7039-49A8-4C47-8A87-80B0ED1A92C0}
	EndGlobalSection
EndGlobal
